
Microsoft Visual Studio Solution File, Format Version 12.00
# Visual Studio 15
VisualStudioVersion = 15.0.27130.2027
MinimumVisualStudioVersion = 10.0.40219.1
Project("{FAE04EC0-301F-11D3-BF4B-00C04F79EFBC}") = "PraiseTheSync", "PraiseTheSync\PraiseTheSync.csproj", "{CE81EF90-0E2A-41F4-84DD-88B0670B1A0F}"
EndProject
Global
	GlobalSection(SolutionConfigurationPlatforms) = preSolution
		Debug|Any CPU = Debug|Any CPU
		Release|Any CPU = Release|Any CPU
	EndGlobalSection
	GlobalSection(ProjectConfigurationPlatforms) = postSolution
		{CE81EF90-0E2A-41F4-84DD-88B0670B1A0F}.Debug|Any CPU.ActiveCfg = Debug|Any CPU
		{CE81EF90-0E2A-41F4-84DD-88B0670B1A0F}.Debug|Any CPU.Build.0 = Debug|Any CPU
		{CE81EF90-0E2A-41F4-84DD-88B0670B1A0F}.Release|Any CPU.ActiveCfg = Release|Any CPU
		{CE81EF90-0E2A-41F4-84DD-88B0670B1A0F}.Release|Any CPU.Build.0 = Release|Any CPU
	EndGlobalSection
	GlobalSection(SolutionProperties) = preSolution
		HideSolutionNode = FALSE
	EndGlobalSection
	GlobalSection(ExtensibilityGlobals) = postSolution
		SolutionGuid = {81E7FAB5-8352-4977-9263-D3DBDBFC75B2}
	EndGlobalSection
EndGlobal
